
Microsoft Visual Studio Solution File, Format Version 12.00
# Visual Studio Version 16
VisualStudioVersion = 16.0.30907.101
MinimumVisualStudioVersion = 10.0.40219.1
Project("{FAE04EC0-301F-11D3-BF4B-00C04F79EFBC}") = "SkyEssentials", "SkyEssentials.csproj", "{3B80ECE6-2F34-44C9-8724-A1110B88652B}"
EndProject
Global
	GlobalSection(SolutionConfigurationPlatforms) = preSolution
		Debug|Any CPU = Debug|Any CPU
		Release|Any CPU = Release|Any CPU
	EndGlobalSection
	GlobalSection(ProjectConfigurationPlatforms) = postSolution
		{3B80ECE6-2F34-44C9-8724-A1110B88652B}.Debug|Any CPU.ActiveCfg = Debug|Any CPU
		{3B80ECE6-2F34-44C9-8724-A1110B88652B}.Debug|Any CPU.Build.0 = Debug|Any CPU
		{3B80ECE6-2F34-44C9-8724-A1110B88652B}.Release|Any CPU.ActiveCfg = Release|Any CPU
		{3B80ECE6-2F34-44C9-8724-A1110B88652B}.Release|Any CPU.Build.0 = Release|Any CPU
	EndGlobalSection
	GlobalSection(SolutionProperties) = preSolution
		HideSolutionNode = FALSE
	EndGlobalSection
	GlobalSection(ExtensibilityGlobals) = postSolution
		SolutionGuid = {4FDFB61E-18BD-47FB-908D-49B6E7B79962}
	EndGlobalSection
EndGlobal
